// !$*UTF8*$!
{
	archiveVersion = 1;
	classes = {
	};
	objectVersion = 50;
	objects = {

/* Begin PBXBuildFile section */
		668D3A0E2518187E00FAD401 /* AppDelegate.swift in Sources */ = {isa = PBXBuildFile; fileRef = 668D3A0D2518187E00FAD401 /* AppDelegate.swift */; };
		668D3A102518187E00FAD401 /* SceneDelegate.swift in Sources */ = {isa = PBXBuildFile; fileRef = 668D3A0F2518187E00FAD401 /* SceneDelegate.swift */; };
		668D3A122518187E00FAD401 /* ViewController.swift in Sources */ = {isa = PBXBuildFile; fileRef = 668D3A112518187E00FAD401 /* ViewController.swift */; };
		668D3A152518187E00FAD401 /* Main.storyboard in Resources */ = {isa = PBXBuildFile; fileRef = 668D3A132518187E00FAD401 /* Main.storyboard */; };
		668D3A172518188200FAD401 /* Assets.xcassets in Resources */ = {isa = PBXBuildFile; fileRef = 668D3A162518188200FAD401 /* Assets.xcassets */; };
		668D3A1A2518188200FAD401 /* LaunchScreen.storyboard in Resources */ = {isa = PBXBuildFile; fileRef = 668D3A182518188200FAD401 /* LaunchScreen.storyboard */; };
		668D3A252518188200FAD401 /* HouseSalesCoreMLTests.swift in Sources */ = {isa = PBXBuildFile; fileRef = 668D3A242518188200FAD401 /* HouseSalesCoreMLTests.swift */; };
		668D3A302518188200FAD401 /* HouseSalesCoreMLUITests.swift in Sources */ = {isa = PBXBuildFile; fileRef = 668D3A2F2518188200FAD401 /* HouseSalesCoreMLUITests.swift */; };
		668D3A41251818A800FAD401 /* HouseSalesInCA.mlmodel in Sources */ = {isa = PBXBuildFile; fileRef = 668D3A40251818A800FAD401 /* HouseSalesInCA.mlmodel */; };
		668D3A4625181B9E00FAD401 /* HouseSalesInCA.mlmodel in Sources */ = {isa = PBXBuildFile; fileRef = 668D3A4525181B9E00FAD401 /* HouseSalesInCA.mlmodel */; };
		668D3A4725181B9E00FAD401 /* HouseSalesInCA.mlmodel in Sources */ = {isa = PBXBuildFile; fileRef = 668D3A4525181B9E00FAD401 /* HouseSalesInCA.mlmodel */; };
		668D3A4825181B9E00FAD401 /* HouseSalesInCA.mlmodel in Sources */ = {isa = PBXBuildFile; fileRef = 668D3A4525181B9E00FAD401 /* HouseSalesInCA.mlmodel */; };
/* End PBXBuildFile section */

/* Begin PBXContainerItemProxy section */
		668D3A212518188200FAD401 /* PBXContainerItemProxy */ = {
			isa = PBXContainerItemProxy;
			containerPortal = 668D3A022518187E00FAD401 /* Project object */;
			proxyType = 1;
			remoteGlobalIDString = 668D3A092518187E00FAD401;
			remoteInfo = HouseSalesCoreML;
		};
		668D3A2C2518188200FAD401 /* PBXContainerItemProxy */ = {
			isa = PBXContainerItemProxy;
			containerPortal = 668D3A022518187E00FAD401 /* Project object */;
			proxyType = 1;
			remoteGlobalIDString = 668D3A092518187E00FAD401;
			remoteInfo = HouseSalesCoreML;
		};
/* End PBXContainerItemProxy section */

/* Begin PBXFileReference section */
		668D3A0A2518187E00FAD401 /* HouseSalesCoreML.app */ = {isa = PBXFileReference; explicitFileType = wrapper.application; includeInIndex = 0; path = HouseSalesCoreML.app; sourceTree = BUILT_PRODUCTS_DIR; };
		668D3A0D2518187E00FAD401 /* AppDelegate.swift */ = {isa = PBXFileReference; lastKnownFileType = sourcecode.swift; path = AppDelegate.swift; sourceTree = "<group>"; };
		668D3A0F2518187E00FAD401 /* SceneDelegate.swift */ = {isa = PBXFileReference; lastKnownFileType = sourcecode.swift; path = SceneDelegate.swift; sourceTree = "<group>"; };
		668D3A112518187E00FAD401 /* ViewController.swift */ = {isa = PBXFileReference; lastKnownFileType = sourcecode.swift; path = ViewController.swift; sourceTree = "<group>"; };
		668D3A142518187E00FAD401 /* Base */ = {isa = PBXFileReference; lastKnownFileType = file.storyboard; name = Base; path = Base.lproj/Main.storyboard; sourceTree = "<group>"; };
		668D3A162518188200FAD401 /* Assets.xcassets */ = {isa = PBXFileReference; lastKnownFileType = folder.assetcatalog; path = Assets.xcassets; sourceTree = "<group>"; };
		668D3A192518188200FAD401 /* Base */ = {isa = PBXFileReference; lastKnownFileType = file.storyboard; name = Base; path = Base.lproj/LaunchScreen.storyboard; sourceTree = "<group>"; };
		668D3A1B2518188200FAD401 /* Info.plist */ = {isa = PBXFileReference; lastKnownFileType = text.plist.xml; path = Info.plist; sourceTree = "<group>"; };
		668D3A202518188200FAD401 /* HouseSalesCoreMLTests.xctest */ = {isa = PBXFileReference; explicitFileType = wrapper.cfbundle; includeInIndex = 0; path = HouseSalesCoreMLTests.xctest; sourceTree = BUILT_PRODUCTS_DIR; };
		668D3A242518188200FAD401 /* HouseSalesCoreMLTests.swift */ = {isa = PBXFileReference; lastKnownFileType = sourcecode.swift; path = HouseSalesCoreMLTests.swift; sourceTree = "<group>"; };
		668D3A262518188200FAD401 /* Info.plist */ = {isa = PBXFileReference; lastKnownFileType = text.plist.xml; path = Info.plist; sourceTree = "<group>"; };
		668D3A2B2518188200FAD401 /* HouseSalesCoreMLUITests.xctest */ = {isa = PBXFileReference; explicitFileType = wrapper.cfbundle; includeInIndex = 0; path = HouseSalesCoreMLUITests.xctest; sourceTree = BUILT_PRODUCTS_DIR; };
		668D3A2F2518188200FAD401 /* HouseSalesCoreMLUITests.swift */ = {isa = PBXFileReference; lastKnownFileType = sourcecode.swift; path = HouseSalesCoreMLUITests.swift; sourceTree = "<group>"; };
		668D3A312518188200FAD401 /* Info.plist */ = {isa = PBXFileReference; lastKnownFileType = text.plist.xml; path = Info.plist; sourceTree = "<group>"; };
		668D3A40251818A800FAD401 /* HouseSalesInCA.mlmodel */ = {isa = PBXFileReference; lastKnownFileType = file.mlmodel; name = HouseSalesInCA.mlmodel; path = ../../../HouseSales/HouseSalesInCA.mlmodel; sourceTree = "<group>"; };
		668D3A4525181B9E00FAD401 /* HouseSalesInCA.mlmodel */ = {isa = PBXFileReference; lastKnownFileType = file.mlmodel; name = HouseSalesInCA.mlmodel; path = ../../../HouseSales/HouseSalesInCA.mlmodel; sourceTree = "<group>"; };
/* End PBXFileReference section */

/* Begin PBXFrameworksBuildPhase section */
		668D3A072518187E00FAD401 /* Frameworks */ = {
			isa = PBXFrameworksBuildPhase;
			buildActionMask = 2147483647;
			files = (
			);
			runOnlyForDeploymentPostprocessing = 0;
		};
		668D3A1D2518188200FAD401 /* Frameworks */ = {
			isa = PBXFrameworksBuildPhase;
			buildActionMask = 2147483647;
			files = (
			);
			runOnlyForDeploymentPostprocessing = 0;
		};
		668D3A282518188200FAD401 /* Frameworks */ = {
			isa = PBXFrameworksBuildPhase;
			buildActionMask = 2147483647;
			files = (
			);
			runOnlyForDeploymentPostprocessing = 0;
		};
/* End PBXFrameworksBuildPhase section */

/* Begin PBXGroup section */
		668D3A012518187E00FAD401 = {
			isa = PBXGroup;
			children = (
				668D3A0C2518187E00FAD401 /* HouseSalesCoreML */,
				668D3A232518188200FAD401 /* HouseSalesCoreMLTests */,
				668D3A2E2518188200FAD401 /* HouseSalesCoreMLUITests */,
				668D3A0B2518187E00FAD401 /* Products */,
			);
			sourceTree = "<group>";
		};
		668D3A0B2518187E00FAD401 /* Products */ = {
			isa = PBXGroup;
			children = (
				668D3A0A2518187E00FAD401 /* HouseSalesCoreML.app */,
				668D3A202518188200FAD401 /* HouseSalesCoreMLTests.xctest */,
				668D3A2B2518188200FAD401 /* HouseSalesCoreMLUITests.xctest */,
			);
			name = Products;
			sourceTree = "<group>";
		};
		668D3A0C2518187E00FAD401 /* HouseSalesCoreML */ = {
			isa = PBXGroup;
			children = (
				668D3A0D2518187E00FAD401 /* AppDelegate.swift */,
				668D3A0F2518187E00FAD401 /* SceneDelegate.swift */,
				668D3A112518187E00FAD401 /* ViewController.swift */,
				668D3A132518187E00FAD401 /* Main.storyboard */,
				668D3A40251818A800FAD401 /* HouseSalesInCA.mlmodel */,
				668D3A4525181B9E00FAD401 /* HouseSalesInCA.mlmodel */,
				668D3A162518188200FAD401 /* Assets.xcassets */,
				668D3A182518188200FAD401 /* LaunchScreen.storyboard */,
				668D3A1B2518188200FAD401 /* Info.plist */,
			);
			path = HouseSalesCoreML;
			sourceTree = "<group>";
		};
		668D3A232518188200FAD401 /* HouseSalesCoreMLTests */ = {
			isa = PBXGroup;
			children = (
				668D3A242518188200FAD401 /* HouseSalesCoreMLTests.swift */,
				668D3A262518188200FAD401 /* Info.plist */,
			);
			path = HouseSalesCoreMLTests;
			sourceTree = "<group>";
		};
		668D3A2E2518188200FAD401 /* HouseSalesCoreMLUITests */ = {
			isa = PBXGroup;
			children = (
				668D3A2F2518188200FAD401 /* HouseSalesCoreMLUITests.swift */,
				668D3A312518188200FAD401 /* Info.plist */,
			);
			path = HouseSalesCoreMLUITests;
			sourceTree = "<group>";
		};
/* End PBXGroup section */

/* Begin PBXNativeTarget section */
		668D3A092518187E00FAD401 /* HouseSalesCoreML */ = {
			isa = PBXNativeTarget;
			buildConfigurationList = 668D3A342518188200FAD401 /* Build configuration list for PBXNativeTarget "HouseSalesCoreML" */;
			buildPhases = (
				668D3A062518187E00FAD401 /* Sources */,
				668D3A072518187E00FAD401 /* Frameworks */,
				668D3A082518187E00FAD401 /* Resources */,
			);
			buildRules = (
			);
			dependencies = (
			);
			name = HouseSalesCoreML;
			productName = HouseSalesCoreML;
			productReference = 668D3A0A2518187E00FAD401 /* HouseSalesCoreML.app */;
			productType = "com.apple.product-type.application";
		};
		668D3A1F2518188200FAD401 /* HouseSalesCoreMLTests */ = {
			isa = PBXNativeTarget;
			buildConfigurationList = 668D3A372518188200FAD401 /* Build configuration list for PBXNativeTarget "HouseSalesCoreMLTests" */;
			buildPhases = (
				668D3A1C2518188200FAD401 /* Sources */,
				668D3A1D2518188200FAD401 /* Frameworks */,
				668D3A1E2518188200FAD401 /* Resources */,
			);
			buildRules = (
			);
			dependencies = (
				668D3A222518188200FAD401 /* PBXTargetDependency */,
			);
			name = HouseSalesCoreMLTests;
			productName = HouseSalesCoreMLTests;
			productReference = 668D3A202518188200FAD401 /* HouseSalesCoreMLTests.xctest */;
			productType = "com.apple.product-type.bundle.unit-test";
		};
		668D3A2A2518188200FAD401 /* HouseSalesCoreMLUITests */ = {
			isa = PBXNativeTarget;
			buildConfigurationList = 668D3A3A2518188200FAD401 /* Build configuration list for PBXNativeTarget "HouseSalesCoreMLUITests" */;
			buildPhases = (
				668D3A272518188200FAD401 /* Sources */,
				668D3A282518188200FAD401 /* Frameworks */,
				668D3A292518188200FAD401 /* Resources */,
			);
			buildRules = (
			);
			dependencies = (
				668D3A2D2518188200FAD401 /* PBXTargetDependency */,
			);
			name = HouseSalesCoreMLUITests;
			productName = HouseSalesCoreMLUITests;
			productReference = 668D3A2B2518188200FAD401 /* HouseSalesCoreMLUITests.xctest */;
			productType = "com.apple.product-type.bundle.ui-testing";
		};
/* End PBXNativeTarget section */

/* Begin PBXProject section */
		668D3A022518187E00FAD401 /* Project object */ = {
			isa = PBXProject;
			attributes = {
				LastSwiftUpdateCheck = 1200;
				LastUpgradeCheck = 1200;
				TargetAttributes = {
					668D3A092518187E00FAD401 = {
						CreatedOnToolsVersion = 12.0;
					};
					668D3A1F2518188200FAD401 = {
						CreatedOnToolsVersion = 12.0;
						TestTargetID = 668D3A092518187E00FAD401;
					};
					668D3A2A2518188200FAD401 = {
						CreatedOnToolsVersion = 12.0;
						TestTargetID = 668D3A092518187E00FAD401;
					};
				};
			};
			buildConfigurationList = 668D3A052518187E00FAD401 /* Build configuration list for PBXProject "HouseSalesCoreML" */;
			compatibilityVersion = "Xcode 9.3";
			developmentRegion = en;
			hasScannedForEncodings = 0;
			knownRegions = (
				en,
				Base,
			);
			mainGroup = 668D3A012518187E00FAD401;
			productRefGroup = 668D3A0B2518187E00FAD401 /* Products */;
			projectDirPath = "";
			projectRoot = "";
			targets = (
				668D3A092518187E00FAD401 /* HouseSalesCoreML */,
				668D3A1F2518188200FAD401 /* HouseSalesCoreMLTests */,
				668D3A2A2518188200FAD401 /* HouseSalesCoreMLUITests */,
			);
		};
/* End PBXProject section */

/* Begin PBXResourcesBuildPhase section */
		668D3A082518187E00FAD401 /* Resources */ = {
			isa = PBXResourcesBuildPhase;
			buildActionMask = 2147483647;
			files = (
				668D3A1A2518188200FAD401 /* LaunchScreen.storyboard in Resources */,
				668D3A172518188200FAD401 /* Assets.xcassets in Resources */,
				668D3A152518187E00FAD401 /* Main.storyboard in Resources */,
			);
			runOnlyForDeploymentPostprocessing = 0;
		};
		668D3A1E2518188200FAD401 /* Resources */ = {
			isa = PBXResourcesBuildPhase;
			buildActionMask = 2147483647;
			files = (
			);
			runOnlyForDeploymentPostprocessing = 0;
		};
		668D3A292518188200FAD401 /* Resources */ = {
			isa = PBXResourcesBuildPhase;
			buildActionMask = 2147483647;
			files = (
			);
			runOnlyForDeploymentPostprocessing = 0;
		};
/* End PBXResourcesBuildPhase section */

/* Begin PBXSourcesBuildPhase section */
		668D3A062518187E00FAD401 /* Sources */ = {
			isa = PBXSourcesBuildPhase;
			buildActionMask = 2147483647;
			files = (
				668D3A122518187E00FAD401 /* ViewController.swift in Sources */,
				668D3A4625181B9E00FAD401 /* HouseSalesInCA.mlmodel in Sources */,
				668D3A41251818A800FAD401 /* HouseSalesInCA.mlmodel in Sources */,
				668D3A0E2518187E00FAD401 /* AppDelegate.swift in Sources */,
				668D3A102518187E00FAD401 /* SceneDelegate.swift in Sources */,
			);
			runOnlyForDeploymentPostprocessing = 0;
		};
		668D3A1C2518188200FAD401 /* Sources */ = {
			isa = PBXSourcesBuildPhase;
			buildActionMask = 2147483647;
			files = (
				668D3A252518188200FAD401 /* HouseSalesCoreMLTests.swift in Sources */,
				668D3A4725181B9E00FAD401 /* HouseSalesInCA.mlmodel in Sources */,
			);
			runOnlyForDeploymentPostprocessing = 0;
		};
		668D3A272518188200FAD401 /* Sources */ = {
			isa = PBXSourcesBuildPhase;
			buildActionMask = 2147483647;
			files = (
				668D3A302518188200FAD401 /* HouseSalesCoreMLUITests.swift in Sources */,
				668D3A4825181B9E00FAD401 /* HouseSalesInCA.mlmodel in Sources */,
			);
			runOnlyForDeploymentPostprocessing = 0;
		};
/* End PBXSourcesBuildPhase section */

/* Begin PBXTargetDependency section */
		668D3A222518188200FAD401 /* PBXTargetDependency */ = {
			isa = PBXTargetDependency;
			target = 668D3A092518187E00FAD401 /* HouseSalesCoreML */;
			targetProxy = 668D3A212518188200FAD401 /* PBXContainerItemProxy */;
		};
		668D3A2D2518188200FAD401 /* PBXTargetDependency */ = {
			isa = PBXTargetDependency;
			target = 668D3A092518187E00FAD401 /* HouseSalesCoreML */;
			targetProxy = 668D3A2C2518188200FAD401 /* PBXContainerItemProxy */;
		};
/* End PBXTargetDependency section */

/* Begin PBXVariantGroup section */
		668D3A132518187E00FAD401 /* Main.storyboard */ = {
			isa = PBXVariantGroup;
			children = (
				668D3A142518187E00FAD401 /* Base */,
			);
			name = Main.storyboard;
			sourceTree = "<group>";
		};
		668D3A182518188200FAD401 /* LaunchScreen.storyboard */ = {
			isa = PBXVariantGroup;
			children = (
				668D3A192518188200FAD401 /* Base */,
			);
			name = LaunchScreen.storyboard;
			sourceTree = "<group>";
		};
/* End PBXVariantGroup section */

/* Begin XCBuildConfiguration section */
		668D3A322518188200FAD401 /* Debug */ = {
			isa = XCBuildConfiguration;
			buildSettings = {
				ALWAYS_SEARCH_USER_PATHS = NO;
				CLANG_ANALYZER_NONNULL = YES;
				CLANG_ANALYZER_NUMBER_OBJECT_CONVERSION = YES_AGGRESSIVE;
				CLANG_CXX_LANGUAGE_STANDARD = "gnu++14";
				CLANG_CXX_LIBRARY = "libc++";
				CLANG_ENABLE_MODULES = YES;
				CLANG_ENABLE_OBJC_ARC = YES;
				CLANG_ENABLE_OBJC_WEAK = YES;
				CLANG_WARN_BLOCK_CAPTURE_AUTORELEASING = YES;
				CLANG_WARN_BOOL_CONVERSION = YES;
				CLANG_WARN_COMMA = YES;
				CLANG_WARN_CONSTANT_CONVERSION = YES;
				CLANG_WARN_DEPRECATED_OBJC_IMPLEMENTATIONS = YES;
				CLANG_WARN_DIRECT_OBJC_ISA_USAGE = YES_ERROR;
				CLANG_WARN_DOCUMENTATION_COMMENTS = YES;
				CLANG_WARN_EMPTY_BODY = YES;
				CLANG_WARN_ENUM_CONVERSION = YES;
				CLANG_WARN_INFINITE_RECURSION = YES;
				CLANG_WARN_INT_CONVERSION = YES;
				CLANG_WARN_NON_LITERAL_NULL_CONVERSION = YES;
				CLANG_WARN_OBJC_IMPLICIT_RETAIN_SELF = YES;
				CLANG_WARN_OBJC_LITERAL_CONVERSION = YES;
				CLANG_WARN_OBJC_ROOT_CLASS = YES_ERROR;
				CLANG_WARN_QUOTED_INCLUDE_IN_FRAMEWORK_HEADER = YES;
				CLANG_WARN_RANGE_LOOP_ANALYSIS = YES;
				CLANG_WARN_STRICT_PROTOTYPES = YES;
				CLANG_WARN_SUSPICIOUS_MOVE = YES;
				CLANG_WARN_UNGUARDED_AVAILABILITY = YES_AGGRESSIVE;
				CLANG_WARN_UNREACHABLE_CODE = YES;
				CLANG_WARN__DUPLICATE_METHOD_MATCH = YES;
				COPY_PHASE_STRIP = NO;
				DEBUG_INFORMATION_FORMAT = dwarf;
				ENABLE_STRICT_OBJC_MSGSEND = YES;
				ENABLE_TESTABILITY = YES;
				GCC_C_LANGUAGE_STANDARD = gnu11;
				GCC_DYNAMIC_NO_PIC = NO;
				GCC_NO_COMMON_BLOCKS = YES;
				GCC_OPTIMIZATION_LEVEL = 0;
				GCC_PREPROCESSOR_DEFINITIONS = (
					"DEBUG=1",
					"$(inherited)",
				);
				GCC_WARN_64_TO_32_BIT_CONVERSION = YES;
				GCC_WARN_ABOUT_RETURN_TYPE = YES_ERROR;
				GCC_WARN_UNDECLARED_SELECTOR = YES;
				GCC_WARN_UNINITIALIZED_AUTOS = YES_AGGRESSIVE;
				GCC_WARN_UNUSED_FUNCTION = YES;
				GCC_WARN_UNUSED_VARIABLE = YES;
				IPHONEOS_DEPLOYMENT_TARGET = 14.0;
				MTL_ENABLE_DEBUG_INFO = INCLUDE_SOURCE;
				MTL_FAST_MATH = YES;
				ONLY_ACTIVE_ARCH = YES;
				SDKROOT = iphoneos;
				SWIFT_ACTIVE_COMPILATION_CONDITIONS = DEBUG;
				SWIFT_OPTIMIZATION_LEVEL = "-Onone";
			};
			name = Debug;
		};
		668D3A332518188200FAD401 /* Release */ = {
			isa = XCBuildConfiguration;
			buildSettings = {
				ALWAYS_SEARCH_USER_PATHS = NO;
				CLANG_ANALYZER_NONNULL = YES;
				CLANG_ANALYZER_NUMBER_OBJECT_CONVERSION = YES_AGGRESSIVE;
				CLANG_CXX_LANGUAGE_STANDARD = "gnu++14";
				CLANG_CXX_LIBRARY = "libc++";
				CLANG_ENABLE_MODULES = YES;
				CLANG_ENABLE_OBJC_ARC = YES;
				CLANG_ENABLE_OBJC_WEAK = YES;
				CLANG_WARN_BLOCK_CAPTURE_AUTORELEASING = YES;
				CLANG_WARN_BOOL_CONVERSION = YES;
				CLANG_WARN_COMMA = YES;
				CLANG_WARN_CONSTANT_CONVERSION = YES;
				CLANG_WARN_DEPRECATED_OBJC_IMPLEMENTATIONS = YES;
				CLANG_WARN_DIRECT_OBJC_ISA_USAGE = YES_ERROR;
				CLANG_WARN_DOCUMENTATION_COMMENTS = YES;
				CLANG_WARN_EMPTY_BODY = YES;
				CLANG_WARN_ENUM_CONVERSION = YES;
				CLANG_WARN_INFINITE_RECURSION = YES;
				CLANG_WARN_INT_CONVERSION = YES;
				CLANG_WARN_NON_LITERAL_NULL_CONVERSION = YES;
				CLANG_WARN_OBJC_IMPLICIT_RETAIN_SELF = YES;
				CLANG_WARN_OBJC_LITERAL_CONVERSION = YES;
				CLANG_WARN_OBJC_ROOT_CLASS = YES_ERROR;
				CLANG_WARN_QUOTED_INCLUDE_IN_FRAMEWORK_HEADER = YES;
				CLANG_WARN_RANGE_LOOP_ANALYSIS = YES;
				CLANG_WARN_STRICT_PROTOTYPES = YES;
				CLANG_WARN_SUSPICIOUS_MOVE = YES;
				CLANG_WARN_UNGUARDED_AVAILABILITY = YES_AGGRESSIVE;
				CLANG_WARN_UNREACHABLE_CODE = YES;
				CLANG_WARN__DUPLICATE_METHOD_MATCH = YES;
				COPY_PHASE_STRIP = NO;
				DEBUG_INFORMATION_FORMAT = "dwarf-with-dsym";
				ENABLE_NS_ASSERTIONS = NO;
				ENABLE_STRICT_OBJC_MSGSEND = YES;
				GCC_C_LANGUAGE_STANDARD = gnu11;
				GCC_NO_COMMON_BLOCKS = YES;
				GCC_WARN_64_TO_32_BIT_CONVERSION = YES;
				GCC_WARN_ABOUT_RETURN_TYPE = YES_ERROR;
				GCC_WARN_UNDECLARED_SELECTOR = YES;
				GCC_WARN_UNINITIALIZED_AUTOS = YES_AGGRESSIVE;
				GCC_WARN_UNUSED_FUNCTION = YES;
				GCC_WARN_UNUSED_VARIABLE = YES;
				IPHONEOS_DEPLOYMENT_TARGET = 14.0;
				MTL_ENABLE_DEBUG_INFO = NO;
				MTL_FAST_MATH = YES;
				SDKROOT = iphoneos;
				SWIFT_COMPILATION_MODE = wholemodule;
				SWIFT_OPTIMIZATION_LEVEL = "-O";
				VALIDATE_PRODUCT = YES;
			};
			name = Release;
		};
		668D3A352518188200FAD401 /* Debug */ = {
			isa = XCBuildConfiguration;
			buildSettings = {
				ASSETCATALOG_COMPILER_APPICON_NAME = AppIcon;
				ASSETCATALOG_COMPILER_GLOBAL_ACCENT_COLOR_NAME = AccentColor;
				CODE_SIGN_STYLE = Automatic;
				INFOPLIST_FILE = HouseSalesCoreML/Info.plist;
				LD_RUNPATH_SEARCH_PATHS = (
					"$(inherited)",
					"@executable_path/Frameworks",
				);
				PRODUCT_BUNDLE_IDENTIFIER = galios.HouseSalesCoreML;
				PRODUCT_NAME = "$(TARGET_NAME)";
				SWIFT_VERSION = 5.0;
				TARGETED_DEVICE_FAMILY = "1,2";
			};
			name = Debug;
		};
		668D3A362518188200FAD401 /* Release */ = {
			isa = XCBuildConfiguration;
			buildSettings = {
				ASSETCATALOG_COMPILER_APPICON_NAME = AppIcon;
				ASSETCATALOG_COMPILER_GLOBAL_ACCENT_COLOR_NAME = AccentColor;
				CODE_SIGN_STYLE = Automatic;
				INFOPLIST_FILE = HouseSalesCoreML/Info.plist;
				LD_RUNPATH_SEARCH_PATHS = (
					"$(inherited)",
					"@executable_path/Frameworks",
				);
				PRODUCT_BUNDLE_IDENTIFIER = galios.HouseSalesCoreML;
				PRODUCT_NAME = "$(TARGET_NAME)";
				SWIFT_VERSION = 5.0;
				TARGETED_DEVICE_FAMILY = "1,2";
			};
			name = Release;
		};
		668D3A382518188200FAD401 /* Debug */ = {
			isa = XCBuildConfiguration;
			buildSettings = {
				ALWAYS_EMBED_SWIFT_STANDARD_LIBRARIES = YES;
				BUNDLE_LOADER = "$(TEST_HOST)";
				CODE_SIGN_STYLE = Automatic;
				INFOPLIST_FILE = HouseSalesCoreMLTests/Info.plist;
				IPHONEOS_DEPLOYMENT_TARGET = 14.0;
				LD_RUNPATH_SEARCH_PATHS = (
					"$(inherited)",
					"@executable_path/Frameworks",
					"@loader_path/Frameworks",
				);
				PRODUCT_BUNDLE_IDENTIFIER = galios.HouseSalesCoreMLTests;
				PRODUCT_NAME = "$(TARGET_NAME)";
				SWIFT_VERSION = 5.0;
				TARGETED_DEVICE_FAMILY = "1,2";
				TEST_HOST = "$(BUILT_PRODUCTS_DIR)/HouseSalesCoreML.app/HouseSalesCoreML";
			};
			name = Debug;
		};
		668D3A392518188200FAD401 /* Release */ = {
			isa = XCBuildConfiguration;
			buildSettings = {
				ALWAYS_EMBED_SWIFT_STANDARD_LIBRARIES = YES;
				BUNDLE_LOADER = "$(TEST_HOST)";
				CODE_SIGN_STYLE = Automatic;
				INFOPLIST_FILE = HouseSalesCoreMLTests/Info.plist;
				IPHONEOS_DEPLOYMENT_TARGET = 14.0;
				LD_RUNPATH_SEARCH_PATHS = (
					"$(inherited)",
					"@executable_path/Frameworks",
					"@loader_path/Frameworks",
				);
				PRODUCT_BUNDLE_IDENTIFIER = galios.HouseSalesCoreMLTests;
				PRODUCT_NAME = "$(TARGET_NAME)";
				SWIFT_VERSION = 5.0;
				TARGETED_DEVICE_FAMILY = "1,2";
				TEST_HOST = "$(BUILT_PRODUCTS_DIR)/HouseSalesCoreML.app/HouseSalesCoreML";
			};
			name = Release;
		};
		668D3A3B2518188200FAD401 /* Debug */ = {
			isa = XCBuildConfiguration;
			buildSettings = {
				ALWAYS_EMBED_SWIFT_STANDARD_LIBRARIES = YES;
				CODE_SIGN_STYLE = Automatic;
				INFOPLIST_FILE = HouseSalesCoreMLUITests/Info.plist;
				LD_RUNPATH_SEARCH_PATHS = (
					"$(inherited)",
					"@executable_path/Frameworks",
					"@loader_path/Frameworks",
				);
				PRODUCT_BUNDLE_IDENTIFIER = galios.HouseSalesCoreMLUITests;
				PRODUCT_NAME = "$(TARGET_NAME)";
				SWIFT_VERSION = 5.0;
				TARGETED_DEVICE_FAMILY = "1,2";
				TEST_TARGET_NAME = HouseSalesCoreML;
			};
			name = Debug;
		};
		668D3A3C2518188200FAD401 /* Release */ = {
			isa = XCBuildConfiguration;
			buildSettings = {
				ALWAYS_EMBED_SWIFT_STANDARD_LIBRARIES = YES;
				CODE_SIGN_STYLE = Automatic;
				INFOPLIST_FILE = HouseSalesCoreMLUITests/Info.plist;
				LD_RUNPATH_SEARCH_PATHS = (
					"$(inherited)",
					"@executable_path/Frameworks",
					"@loader_path/Frameworks",
				);
				PRODUCT_BUNDLE_IDENTIFIER = galios.HouseSalesCoreMLUITests;
				PRODUCT_NAME = "$(TARGET_NAME)";
				SWIFT_VERSION = 5.0;
				TARGETED_DEVICE_FAMILY = "1,2";
				TEST_TARGET_NAME = HouseSalesCoreML;
			};
			name = Release;
		};
/* End XCBuildConfiguration section */

/* Begin XCConfigurationList section */
		668D3A052518187E00FAD401 /* Build configuration list for PBXProject "HouseSalesCoreML" */ = {
			isa = XCConfigurationList;
			buildConfigurations = (
				668D3A322518188200FAD401 /* Debug */,
				668D3A332518188200FAD401 /* Release */,
			);
			defaultConfigurationIsVisible = 0;
			defaultConfigurationName = Release;
		};
		668D3A342518188200FAD401 /* Build configuration list for PBXNativeTarget "HouseSalesCoreML" */ = {
			isa = XCConfigurationList;
			buildConfigurations = (
				668D3A352518188200FAD401 /* Debug */,
				668D3A362518188200FAD401 /* Release */,
			);
			defaultConfigurationIsVisible = 0;
			defaultConfigurationName = Release;
		};
		668D3A372518188200FAD401 /* Build configuration list for PBXNativeTarget "HouseSalesCoreMLTests" */ = {
			isa = XCConfigurationList;
			buildConfigurations = (
				668D3A382518188200FAD401 /* Debug */,
				668D3A392518188200FAD401 /* Release */,
			);
			defaultConfigurationIsVisible = 0;
			defaultConfigurationName = Release;
		};
		668D3A3A2518188200FAD401 /* Build configuration list for PBXNativeTarget "HouseSalesCoreMLUITests" */ = {
			isa = XCConfigurationList;
			buildConfigurations = (
				668D3A3B2518188200FAD401 /* Debug */,
				668D3A3C2518188200FAD401 /* Release */,
			);
			defaultConfigurationIsVisible = 0;
			defaultConfigurationName = Release;
		};
/* End XCConfigurationList section */
	};
	rootObject = 668D3A022518187E00FAD401 /* Project object */;
}
