// !$*UTF8*$!
{
	archiveVersion = 1;
	classes = {
	};
	objectVersion = 50;
	objects = {

/* Begin PBXBuildFile section */
		66CD838B24F7571A0071CCBC /* AppDelegate.swift in Sources */ = {isa = PBXBuildFile; fileRef = 66CD838A24F7571A0071CCBC /* AppDelegate.swift */; };
		66CD838D24F7571A0071CCBC /* SceneDelegate.swift in Sources */ = {isa = PBXBuildFile; fileRef = 66CD838C24F7571A0071CCBC /* SceneDelegate.swift */; };
		66CD838F24F7571A0071CCBC /* ViewController.swift in Sources */ = {isa = PBXBuildFile; fileRef = 66CD838E24F7571A0071CCBC /* ViewController.swift */; };
		66CD839224F7571A0071CCBC /* Main.storyboard in Resources */ = {isa = PBXBuildFile; fileRef = 66CD839024F7571A0071CCBC /* Main.storyboard */; };
		66CD839424F7571C0071CCBC /* Assets.xcassets in Resources */ = {isa = PBXBuildFile; fileRef = 66CD839324F7571C0071CCBC /* Assets.xcassets */; };
		66CD839724F7571C0071CCBC /* LaunchScreen.storyboard in Resources */ = {isa = PBXBuildFile; fileRef = 66CD839524F7571C0071CCBC /* LaunchScreen.storyboard */; };
		66CD839F24F75E710071CCBC /* menuCollectionViewCell.swift in Sources */ = {isa = PBXBuildFile; fileRef = 66CD839E24F75E710071CCBC /* menuCollectionViewCell.swift */; };
/* End PBXBuildFile section */

/* Begin PBXFileReference section */
		66CD838724F7571A0071CCBC /* fastMenu.app */ = {isa = PBXFileReference; explicitFileType = wrapper.application; includeInIndex = 0; path = fastMenu.app; sourceTree = BUILT_PRODUCTS_DIR; };
		66CD838A24F7571A0071CCBC /* AppDelegate.swift */ = {isa = PBXFileReference; lastKnownFileType = sourcecode.swift; path = AppDelegate.swift; sourceTree = "<group>"; };
		66CD838C24F7571A0071CCBC /* SceneDelegate.swift */ = {isa = PBXFileReference; lastKnownFileType = sourcecode.swift; path = SceneDelegate.swift; sourceTree = "<group>"; };
		66CD838E24F7571A0071CCBC /* ViewController.swift */ = {isa = PBXFileReference; lastKnownFileType = sourcecode.swift; path = ViewController.swift; sourceTree = "<group>"; };
		66CD839124F7571A0071CCBC /* Base */ = {isa = PBXFileReference; lastKnownFileType = file.storyboard; name = Base; path = Base.lproj/Main.storyboard; sourceTree = "<group>"; };
		66CD839324F7571C0071CCBC /* Assets.xcassets */ = {isa = PBXFileReference; lastKnownFileType = folder.assetcatalog; path = Assets.xcassets; sourceTree = "<group>"; };
		66CD839624F7571C0071CCBC /* Base */ = {isa = PBXFileReference; lastKnownFileType = file.storyboard; name = Base; path = Base.lproj/LaunchScreen.storyboard; sourceTree = "<group>"; };
		66CD839824F7571C0071CCBC /* Info.plist */ = {isa = PBXFileReference; lastKnownFileType = text.plist.xml; path = Info.plist; sourceTree = "<group>"; };
		66CD839E24F75E710071CCBC /* menuCollectionViewCell.swift */ = {isa = PBXFileReference; lastKnownFileType = sourcecode.swift; path = menuCollectionViewCell.swift; sourceTree = "<group>"; };
/* End PBXFileReference section */

/* Begin PBXFrameworksBuildPhase section */
		66CD838424F7571A0071CCBC /* Frameworks */ = {
			isa = PBXFrameworksBuildPhase;
			buildActionMask = 2147483647;
			files = (
			);
			runOnlyForDeploymentPostprocessing = 0;
		};
/* End PBXFrameworksBuildPhase section */

/* Begin PBXGroup section */
		66CD837E24F7571A0071CCBC = {
			isa = PBXGroup;
			children = (
				66CD838924F7571A0071CCBC /* fastMenu */,
				66CD838824F7571A0071CCBC /* Products */,
			);
			sourceTree = "<group>";
		};
		66CD838824F7571A0071CCBC /* Products */ = {
			isa = PBXGroup;
			children = (
				66CD838724F7571A0071CCBC /* fastMenu.app */,
			);
			name = Products;
			sourceTree = "<group>";
		};
		66CD838924F7571A0071CCBC /* fastMenu */ = {
			isa = PBXGroup;
			children = (
				66CD838A24F7571A0071CCBC /* AppDelegate.swift */,
				66CD838C24F7571A0071CCBC /* SceneDelegate.swift */,
				66CD838E24F7571A0071CCBC /* ViewController.swift */,
				66CD839024F7571A0071CCBC /* Main.storyboard */,
				66CD839324F7571C0071CCBC /* Assets.xcassets */,
				66CD839524F7571C0071CCBC /* LaunchScreen.storyboard */,
				66CD839824F7571C0071CCBC /* Info.plist */,
				66CD839E24F75E710071CCBC /* menuCollectionViewCell.swift */,
			);
			path = fastMenu;
			sourceTree = "<group>";
		};
/* End PBXGroup section */

/* Begin PBXNativeTarget section */
		66CD838624F7571A0071CCBC /* fastMenu */ = {
			isa = PBXNativeTarget;
			buildConfigurationList = 66CD839B24F7571C0071CCBC /* Build configuration list for PBXNativeTarget "fastMenu" */;
			buildPhases = (
				66CD838324F7571A0071CCBC /* Sources */,
				66CD838424F7571A0071CCBC /* Frameworks */,
				66CD838524F7571A0071CCBC /* Resources */,
			);
			buildRules = (
			);
			dependencies = (
			);
			name = fastMenu;
			productName = fastMenu;
			productReference = 66CD838724F7571A0071CCBC /* fastMenu.app */;
			productType = "com.apple.product-type.application";
		};
/* End PBXNativeTarget section */

/* Begin PBXProject section */
		66CD837F24F7571A0071CCBC /* Project object */ = {
			isa = PBXProject;
			attributes = {
				LastSwiftUpdateCheck = 1160;
				LastUpgradeCheck = 1160;
				ORGANIZATIONNAME = "Hernán Galileo Cabrera Garibaldi";
				TargetAttributes = {
					66CD838624F7571A0071CCBC = {
						CreatedOnToolsVersion = 11.6;
					};
				};
			};
			buildConfigurationList = 66CD838224F7571A0071CCBC /* Build configuration list for PBXProject "fastMenu" */;
			compatibilityVersion = "Xcode 9.3";
			developmentRegion = en;
			hasScannedForEncodings = 0;
			knownRegions = (
				en,
				Base,
			);
			mainGroup = 66CD837E24F7571A0071CCBC;
			productRefGroup = 66CD838824F7571A0071CCBC /* Products */;
			projectDirPath = "";
			projectRoot = "";
			targets = (
				66CD838624F7571A0071CCBC /* fastMenu */,
			);
		};
/* End PBXProject section */

/* Begin PBXResourcesBuildPhase section */
		66CD838524F7571A0071CCBC /* Resources */ = {
			isa = PBXResourcesBuildPhase;
			buildActionMask = 2147483647;
			files = (
				66CD839724F7571C0071CCBC /* LaunchScreen.storyboard in Resources */,
				66CD839424F7571C0071CCBC /* Assets.xcassets in Resources */,
				66CD839224F7571A0071CCBC /* Main.storyboard in Resources */,
			);
			runOnlyForDeploymentPostprocessing = 0;
		};
/* End PBXResourcesBuildPhase section */

/* Begin PBXSourcesBuildPhase section */
		66CD838324F7571A0071CCBC /* Sources */ = {
			isa = PBXSourcesBuildPhase;
			buildActionMask = 2147483647;
			files = (
				66CD838F24F7571A0071CCBC /* ViewController.swift in Sources */,
				66CD838B24F7571A0071CCBC /* AppDelegate.swift in Sources */,
				66CD838D24F7571A0071CCBC /* SceneDelegate.swift in Sources */,
				66CD839F24F75E710071CCBC /* menuCollectionViewCell.swift in Sources */,
			);
			runOnlyForDeploymentPostprocessing = 0;
		};
/* End PBXSourcesBuildPhase section */

/* Begin PBXVariantGroup section */
		66CD839024F7571A0071CCBC /* Main.storyboard */ = {
			isa = PBXVariantGroup;
			children = (
				66CD839124F7571A0071CCBC /* Base */,
			);
			name = Main.storyboard;
			sourceTree = "<group>";
		};
		66CD839524F7571C0071CCBC /* LaunchScreen.storyboard */ = {
			isa = PBXVariantGroup;
			children = (
				66CD839624F7571C0071CCBC /* Base */,
			);
			name = LaunchScreen.storyboard;
			sourceTree = "<group>";
		};
/* End PBXVariantGroup section */

/* Begin XCBuildConfiguration section */
		66CD839924F7571C0071CCBC /* Debug */ = {
			isa = XCBuildConfiguration;
			buildSettings = {
				ALWAYS_SEARCH_USER_PATHS = NO;
				CLANG_ANALYZER_NONNULL = YES;
				CLANG_ANALYZER_NUMBER_OBJECT_CONVERSION = YES_AGGRESSIVE;
				CLANG_CXX_LANGUAGE_STANDARD = "gnu++14";
				CLANG_CXX_LIBRARY = "libc++";
				CLANG_ENABLE_MODULES = YES;
				CLANG_ENABLE_OBJC_ARC = YES;
				CLANG_ENABLE_OBJC_WEAK = YES;
				CLANG_WARN_BLOCK_CAPTURE_AUTORELEASING = YES;
				CLANG_WARN_BOOL_CONVERSION = YES;
				CLANG_WARN_COMMA = YES;
				CLANG_WARN_CONSTANT_CONVERSION = YES;
				CLANG_WARN_DEPRECATED_OBJC_IMPLEMENTATIONS = YES;
				CLANG_WARN_DIRECT_OBJC_ISA_USAGE = YES_ERROR;
				CLANG_WARN_DOCUMENTATION_COMMENTS = YES;
				CLANG_WARN_EMPTY_BODY = YES;
				CLANG_WARN_ENUM_CONVERSION = YES;
				CLANG_WARN_INFINITE_RECURSION = YES;
				CLANG_WARN_INT_CONVERSION = YES;
				CLANG_WARN_NON_LITERAL_NULL_CONVERSION = YES;
				CLANG_WARN_OBJC_IMPLICIT_RETAIN_SELF = YES;
				CLANG_WARN_OBJC_LITERAL_CONVERSION = YES;
				CLANG_WARN_OBJC_ROOT_CLASS = YES_ERROR;
				CLANG_WARN_RANGE_LOOP_ANALYSIS = YES;
				CLANG_WARN_STRICT_PROTOTYPES = YES;
				CLANG_WARN_SUSPICIOUS_MOVE = YES;
				CLANG_WARN_UNGUARDED_AVAILABILITY = YES_AGGRESSIVE;
				CLANG_WARN_UNREACHABLE_CODE = YES;
				CLANG_WARN__DUPLICATE_METHOD_MATCH = YES;
				COPY_PHASE_STRIP = NO;
				DEBUG_INFORMATION_FORMAT = dwarf;
				ENABLE_STRICT_OBJC_MSGSEND = YES;
				ENABLE_TESTABILITY = YES;
				GCC_C_LANGUAGE_STANDARD = gnu11;
				GCC_DYNAMIC_NO_PIC = NO;
				GCC_NO_COMMON_BLOCKS = YES;
				GCC_OPTIMIZATION_LEVEL = 0;
				GCC_PREPROCESSOR_DEFINITIONS = (
					"DEBUG=1",
					"$(inherited)",
				);
				GCC_WARN_64_TO_32_BIT_CONVERSION = YES;
				GCC_WARN_ABOUT_RETURN_TYPE = YES_ERROR;
				GCC_WARN_UNDECLARED_SELECTOR = YES;
				GCC_WARN_UNINITIALIZED_AUTOS = YES_AGGRESSIVE;
				GCC_WARN_UNUSED_FUNCTION = YES;
				GCC_WARN_UNUSED_VARIABLE = YES;
				IPHONEOS_DEPLOYMENT_TARGET = 13.6;
				MTL_ENABLE_DEBUG_INFO = INCLUDE_SOURCE;
				MTL_FAST_MATH = YES;
				ONLY_ACTIVE_ARCH = YES;
				SDKROOT = iphoneos;
				SWIFT_ACTIVE_COMPILATION_CONDITIONS = DEBUG;
				SWIFT_OPTIMIZATION_LEVEL = "-Onone";
			};
			name = Debug;
		};
		66CD839A24F7571C0071CCBC /* Release */ = {
			isa = XCBuildConfiguration;
			buildSettings = {
				ALWAYS_SEARCH_USER_PATHS = NO;
				CLANG_ANALYZER_NONNULL = YES;
				CLANG_ANALYZER_NUMBER_OBJECT_CONVERSION = YES_AGGRESSIVE;
				CLANG_CXX_LANGUAGE_STANDARD = "gnu++14";
				CLANG_CXX_LIBRARY = "libc++";
				CLANG_ENABLE_MODULES = YES;
				CLANG_ENABLE_OBJC_ARC = YES;
				CLANG_ENABLE_OBJC_WEAK = YES;
				CLANG_WARN_BLOCK_CAPTURE_AUTORELEASING = YES;
				CLANG_WARN_BOOL_CONVERSION = YES;
				CLANG_WARN_COMMA = YES;
				CLANG_WARN_CONSTANT_CONVERSION = YES;
				CLANG_WARN_DEPRECATED_OBJC_IMPLEMENTATIONS = YES;
				CLANG_WARN_DIRECT_OBJC_ISA_USAGE = YES_ERROR;
				CLANG_WARN_DOCUMENTATION_COMMENTS = YES;
				CLANG_WARN_EMPTY_BODY = YES;
				CLANG_WARN_ENUM_CONVERSION = YES;
				CLANG_WARN_INFINITE_RECURSION = YES;
				CLANG_WARN_INT_CONVERSION = YES;
				CLANG_WARN_NON_LITERAL_NULL_CONVERSION = YES;
				CLANG_WARN_OBJC_IMPLICIT_RETAIN_SELF = YES;
				CLANG_WARN_OBJC_LITERAL_CONVERSION = YES;
				CLANG_WARN_OBJC_ROOT_CLASS = YES_ERROR;
				CLANG_WARN_RANGE_LOOP_ANALYSIS = YES;
				CLANG_WARN_STRICT_PROTOTYPES = YES;
				CLANG_WARN_SUSPICIOUS_MOVE = YES;
				CLANG_WARN_UNGUARDED_AVAILABILITY = YES_AGGRESSIVE;
				CLANG_WARN_UNREACHABLE_CODE = YES;
				CLANG_WARN__DUPLICATE_METHOD_MATCH = YES;
				COPY_PHASE_STRIP = NO;
				DEBUG_INFORMATION_FORMAT = "dwarf-with-dsym";
				ENABLE_NS_ASSERTIONS = NO;
				ENABLE_STRICT_OBJC_MSGSEND = YES;
				GCC_C_LANGUAGE_STANDARD = gnu11;
				GCC_NO_COMMON_BLOCKS = YES;
				GCC_WARN_64_TO_32_BIT_CONVERSION = YES;
				GCC_WARN_ABOUT_RETURN_TYPE = YES_ERROR;
				GCC_WARN_UNDECLARED_SELECTOR = YES;
				GCC_WARN_UNINITIALIZED_AUTOS = YES_AGGRESSIVE;
				GCC_WARN_UNUSED_FUNCTION = YES;
				GCC_WARN_UNUSED_VARIABLE = YES;
				IPHONEOS_DEPLOYMENT_TARGET = 13.6;
				MTL_ENABLE_DEBUG_INFO = NO;
				MTL_FAST_MATH = YES;
				SDKROOT = iphoneos;
				SWIFT_COMPILATION_MODE = wholemodule;
				SWIFT_OPTIMIZATION_LEVEL = "-O";
				VALIDATE_PRODUCT = YES;
			};
			name = Release;
		};
		66CD839C24F7571C0071CCBC /* Debug */ = {
			isa = XCBuildConfiguration;
			buildSettings = {
				ASSETCATALOG_COMPILER_APPICON_NAME = AppIcon;
				CODE_SIGN_STYLE = Automatic;
				INFOPLIST_FILE = fastMenu/Info.plist;
				LD_RUNPATH_SEARCH_PATHS = (
					"$(inherited)",
					"@executable_path/Frameworks",
				);
				PRODUCT_BUNDLE_IDENTIFIER = galios.fastMenu;
				PRODUCT_NAME = "$(TARGET_NAME)";
				SWIFT_VERSION = 5.0;
				TARGETED_DEVICE_FAMILY = "1,2";
			};
			name = Debug;
		};
		66CD839D24F7571C0071CCBC /* Release */ = {
			isa = XCBuildConfiguration;
			buildSettings = {
				ASSETCATALOG_COMPILER_APPICON_NAME = AppIcon;
				CODE_SIGN_STYLE = Automatic;
				INFOPLIST_FILE = fastMenu/Info.plist;
				LD_RUNPATH_SEARCH_PATHS = (
					"$(inherited)",
					"@executable_path/Frameworks",
				);
				PRODUCT_BUNDLE_IDENTIFIER = galios.fastMenu;
				PRODUCT_NAME = "$(TARGET_NAME)";
				SWIFT_VERSION = 5.0;
				TARGETED_DEVICE_FAMILY = "1,2";
			};
			name = Release;
		};
/* End XCBuildConfiguration section */

/* Begin XCConfigurationList section */
		66CD838224F7571A0071CCBC /* Build configuration list for PBXProject "fastMenu" */ = {
			isa = XCConfigurationList;
			buildConfigurations = (
				66CD839924F7571C0071CCBC /* Debug */,
				66CD839A24F7571C0071CCBC /* Release */,
			);
			defaultConfigurationIsVisible = 0;
			defaultConfigurationName = Release;
		};
		66CD839B24F7571C0071CCBC /* Build configuration list for PBXNativeTarget "fastMenu" */ = {
			isa = XCConfigurationList;
			buildConfigurations = (
				66CD839C24F7571C0071CCBC /* Debug */,
				66CD839D24F7571C0071CCBC /* Release */,
			);
			defaultConfigurationIsVisible = 0;
			defaultConfigurationName = Release;
		};
/* End XCConfigurationList section */
	};
	rootObject = 66CD837F24F7571A0071CCBC /* Project object */;
}
